
Microsoft Visual Studio Solution File, Format Version 12.00
# Visual Studio Version 16
VisualStudioVersion = 16.0.29613.14
MinimumVisualStudioVersion = 10.0.40219.1
Project("{FAE04EC0-301F-11D3-BF4B-00C04F79EFBC}") = "TDDoefening", "TDDoefening.csproj", "{F69EF099-B1F1-4715-ACE3-D027424B2210}"
EndProject
Project("{FAE04EC0-301F-11D3-BF4B-00C04F79EFBC}") = "WinstTest", "WinstTest\WinstTest.csproj", "{42ACD535-D8DC-4174-BF6D-6EC712979544}"
EndProject
Global
	GlobalSection(SolutionConfigurationPlatforms) = preSolution
		Debug|Any CPU = Debug|Any CPU
		Release|Any CPU = Release|Any CPU
	EndGlobalSection
	GlobalSection(ProjectConfigurationPlatforms) = postSolution
		{F69EF099-B1F1-4715-ACE3-D027424B2210}.Debug|Any CPU.ActiveCfg = Debug|Any CPU
		{F69EF099-B1F1-4715-ACE3-D027424B2210}.Debug|Any CPU.Build.0 = Debug|Any CPU
		{F69EF099-B1F1-4715-ACE3-D027424B2210}.Release|Any CPU.ActiveCfg = Release|Any CPU
		{F69EF099-B1F1-4715-ACE3-D027424B2210}.Release|Any CPU.Build.0 = Release|Any CPU
		{42ACD535-D8DC-4174-BF6D-6EC712979544}.Debug|Any CPU.ActiveCfg = Debug|Any CPU
		{42ACD535-D8DC-4174-BF6D-6EC712979544}.Debug|Any CPU.Build.0 = Debug|Any CPU
		{42ACD535-D8DC-4174-BF6D-6EC712979544}.Release|Any CPU.ActiveCfg = Release|Any CPU
		{42ACD535-D8DC-4174-BF6D-6EC712979544}.Release|Any CPU.Build.0 = Release|Any CPU
	EndGlobalSection
	GlobalSection(SolutionProperties) = preSolution
		HideSolutionNode = FALSE
	EndGlobalSection
	GlobalSection(ExtensibilityGlobals) = postSolution
		SolutionGuid = {6C4B5BDF-479E-483C-B54D-F9C39A954F4B}
	EndGlobalSection
EndGlobal
